// !$*UTF8*$!
{
	archiveVersion = 1;
	classes = {
	};
	objectVersion = 56;
	objects = {

/* Begin PBXBuildFile section */
		5B2005942BAD642300988D61 /* QuizModel.swift in Sources */ = {isa = PBXBuildFile; fileRef = 5B2005932BAD642300988D61 /* QuizModel.swift */; };
		5B2005962BAD648C00988D61 /* IntroductionView.swift in Sources */ = {isa = PBXBuildFile; fileRef = 5B2005952BAD648C00988D61 /* IntroductionView.swift */; };
		5B2005CE2BAD698400988D61 /* CustomAlertView.swift in Sources */ = {isa = PBXBuildFile; fileRef = 5B2005CD2BAD698400988D61 /* CustomAlertView.swift */; };
		5B2005DC2BAD70E700988D61 /* SeventhInfoQuizView.swift in Sources */ = {isa = PBXBuildFile; fileRef = 5B2005CF2BAD70E700988D61 /* SeventhInfoQuizView.swift */; };
		5B2005DD2BAD70E700988D61 /* TwelfthInfoQuizView.swift in Sources */ = {isa = PBXBuildFile; fileRef = 5B2005D02BAD70E700988D61 /* TwelfthInfoQuizView.swift */; };
		5B2005DE2BAD70E700988D61 /* ThirdInfoQuizView.swift in Sources */ = {isa = PBXBuildFile; fileRef = 5B2005D12BAD70E700988D61 /* ThirdInfoQuizView.swift */; };
		5B2005DF2BAD70E700988D61 /* EighthInfoQuizView.swift in Sources */ = {isa = PBXBuildFile; fileRef = 5B2005D22BAD70E700988D61 /* EighthInfoQuizView.swift */; };
		5B2005E02BAD70E700988D61 /* NinthInfoQuizView.swift in Sources */ = {isa = PBXBuildFile; fileRef = 5B2005D32BAD70E700988D61 /* NinthInfoQuizView.swift */; };
		5B2005E12BAD70E700988D61 /* FifthInfoQuizView.swift in Sources */ = {isa = PBXBuildFile; fileRef = 5B2005D42BAD70E700988D61 /* FifthInfoQuizView.swift */; };
		5B2005E22BAD70E700988D61 /* TenthInfoQuizView.swift in Sources */ = {isa = PBXBuildFile; fileRef = 5B2005D52BAD70E700988D61 /* TenthInfoQuizView.swift */; };
		5B2005E32BAD70E700988D61 /* FirstInfoQuizView.swift in Sources */ = {isa = PBXBuildFile; fileRef = 5B2005D62BAD70E700988D61 /* FirstInfoQuizView.swift */; };
		5B2005E42BAD70E700988D61 /* EleventhInfoQuizView.swift in Sources */ = {isa = PBXBuildFile; fileRef = 5B2005D72BAD70E700988D61 /* EleventhInfoQuizView.swift */; };
		5B2005E52BAD70E700988D61 /* ThirteenthInfoQuizView.swift in Sources */ = {isa = PBXBuildFile; fileRef = 5B2005D82BAD70E700988D61 /* ThirteenthInfoQuizView.swift */; };
		5B2005E62BAD70E700988D61 /* FourthInfoQuizView.swift in Sources */ = {isa = PBXBuildFile; fileRef = 5B2005D92BAD70E700988D61 /* FourthInfoQuizView.swift */; };
		5B2005E72BAD70E700988D61 /* SixthInfoQuizView.swift in Sources */ = {isa = PBXBuildFile; fileRef = 5B2005DA2BAD70E700988D61 /* SixthInfoQuizView.swift */; };
		5B2005E82BAD70E700988D61 /* SecondInfoQuizView.swift in Sources */ = {isa = PBXBuildFile; fileRef = 5B2005DB2BAD70E700988D61 /* SecondInfoQuizView.swift */; };
		5B2005F72BAD725F00988D61 /* FourthQuizGameView.swift in Sources */ = {isa = PBXBuildFile; fileRef = 5B2005EA2BAD725F00988D61 /* FourthQuizGameView.swift */; };
		5B2005F82BAD725F00988D61 /* NinthQuizGameView.swift in Sources */ = {isa = PBXBuildFile; fileRef = 5B2005EB2BAD725F00988D61 /* NinthQuizGameView.swift */; };
		5B2005F92BAD725F00988D61 /* ThirteenthQuizGameView.swift in Sources */ = {isa = PBXBuildFile; fileRef = 5B2005EC2BAD725F00988D61 /* ThirteenthQuizGameView.swift */; };
		5B2005FA2BAD725F00988D61 /* EighthQuizGameView.swift in Sources */ = {isa = PBXBuildFile; fileRef = 5B2005ED2BAD725F00988D61 /* EighthQuizGameView.swift */; };
		5B2005FB2BAD725F00988D61 /* FifthQuizGameView.swift in Sources */ = {isa = PBXBuildFile; fileRef = 5B2005EE2BAD725F00988D61 /* FifthQuizGameView.swift */; };
		5B2005FC2BAD725F00988D61 /* TwelfthQuizGameView.swift in Sources */ = {isa = PBXBuildFile; fileRef = 5B2005EF2BAD725F00988D61 /* TwelfthQuizGameView.swift */; };
		5B2005FD2BAD725F00988D61 /* FirstQuizGameView.swift in Sources */ = {isa = PBXBuildFile; fileRef = 5B2005F02BAD725F00988D61 /* FirstQuizGameView.swift */; };
		5B2005FE2BAD725F00988D61 /* ThirdQuizGameView.swift in Sources */ = {isa = PBXBuildFile; fileRef = 5B2005F12BAD725F00988D61 /* ThirdQuizGameView.swift */; };
		5B2005FF2BAD725F00988D61 /* SeventhQuizGameView.swift in Sources */ = {isa = PBXBuildFile; fileRef = 5B2005F22BAD725F00988D61 /* SeventhQuizGameView.swift */; };
		5B2006002BAD725F00988D61 /* SixthQuizGameView.swift in Sources */ = {isa = PBXBuildFile; fileRef = 5B2005F32BAD725F00988D61 /* SixthQuizGameView.swift */; };
		5B2006012BAD725F00988D61 /* TenthQuizGameView.swift in Sources */ = {isa = PBXBuildFile; fileRef = 5B2005F42BAD725F00988D61 /* TenthQuizGameView.swift */; };
		5B2006022BAD725F00988D61 /* SecondQuizGameView.swift in Sources */ = {isa = PBXBuildFile; fileRef = 5B2005F52BAD725F00988D61 /* SecondQuizGameView.swift */; };
		5B2006032BAD725F00988D61 /* EleventhQuizGameView.swift in Sources */ = {isa = PBXBuildFile; fileRef = 5B2005F62BAD725F00988D61 /* EleventhQuizGameView.swift */; };
		5B2006052BAD742800988D61 /* IntroductionViewModel.swift in Sources */ = {isa = PBXBuildFile; fileRef = 5B2006042BAD742800988D61 /* IntroductionViewModel.swift */; };
		5B79C8EE2BAB0051002BC3C6 /* IntrXlernApp.swift in Sources */ = {isa = PBXBuildFile; fileRef = 5B79C8ED2BAB0051002BC3C6 /* IntrXlernApp.swift */; };
		5B79C8F22BAB0052002BC3C6 /* Assets.xcassets in Resources */ = {isa = PBXBuildFile; fileRef = 5B79C8F12BAB0052002BC3C6 /* Assets.xcassets */; };
		5B79C8F52BAB0052002BC3C6 /* Preview Assets.xcassets in Resources */ = {isa = PBXBuildFile; fileRef = 5B79C8F42BAB0052002BC3C6 /* Preview Assets.xcassets */; };
		5B79C9072BAB0171002BC3C6 /* LoadingView.swift in Sources */ = {isa = PBXBuildFile; fileRef = 5B79C9062BAB0171002BC3C6 /* LoadingView.swift */; };
		5B79C9092BAB021A002BC3C6 /* LaunchScreen.storyboard in Resources */ = {isa = PBXBuildFile; fileRef = 5B79C9082BAB021A002BC3C6 /* LaunchScreen.storyboard */; };
		5B79C90B2BAC0167002BC3C6 /* SpinnerView.swift in Sources */ = {isa = PBXBuildFile; fileRef = 5B79C90A2BAC0167002BC3C6 /* SpinnerView.swift */; };
		5B79C9102BAC0213002BC3C6 /* OnboardingBackgroundView.swift in Sources */ = {isa = PBXBuildFile; fileRef = 5B79C90F2BAC0213002BC3C6 /* OnboardingBackgroundView.swift */; };
		5B79C9122BAC02C5002BC3C6 /* OnboardingView.swift in Sources */ = {isa = PBXBuildFile; fileRef = 5B79C9112BAC02C5002BC3C6 /* OnboardingView.swift */; };
		5B79C9142BAC031D002BC3C6 /* Color.swift in Sources */ = {isa = PBXBuildFile; fileRef = 5B79C9132BAC031D002BC3C6 /* Color.swift */; };
		5B79C9162BAC03FA002BC3C6 /* WelcomeView.swift in Sources */ = {isa = PBXBuildFile; fileRef = 5B79C9152BAC03FA002BC3C6 /* WelcomeView.swift */; };
		5B79C9182BAC040A002BC3C6 /* NotificationsView.swift in Sources */ = {isa = PBXBuildFile; fileRef = 5B79C9172BAC040A002BC3C6 /* NotificationsView.swift */; };
		5B79C91A2BAC0434002BC3C6 /* DemoChartView.swift in Sources */ = {isa = PBXBuildFile; fileRef = 5B79C9192BAC0434002BC3C6 /* DemoChartView.swift */; };
		5B79C91C2BAC043C002BC3C6 /* DemoRateAppView.swift in Sources */ = {isa = PBXBuildFile; fileRef = 5B79C91B2BAC043C002BC3C6 /* DemoRateAppView.swift */; };
		5B79C91E2BAC044C002BC3C6 /* DemoQuizView.swift in Sources */ = {isa = PBXBuildFile; fileRef = 5B79C91D2BAC044C002BC3C6 /* DemoQuizView.swift */; };
		5B79C9202BAC0CD8002BC3C6 /* RegSuccessView.swift in Sources */ = {isa = PBXBuildFile; fileRef = 5B79C91F2BAC0CD8002BC3C6 /* RegSuccessView.swift */; };
		5B79C9222BAC0CE2002BC3C6 /* DepSuccessView.swift in Sources */ = {isa = PBXBuildFile; fileRef = 5B79C9212BAC0CE2002BC3C6 /* DepSuccessView.swift */; };
		5B79C9242BAC0CF7002BC3C6 /* PushNotificationView.swift in Sources */ = {isa = PBXBuildFile; fileRef = 5B79C9232BAC0CF7002BC3C6 /* PushNotificationView.swift */; };
		5B79C9262BAC0D01002BC3C6 /* RegNowView.swift in Sources */ = {isa = PBXBuildFile; fileRef = 5B79C9252BAC0D01002BC3C6 /* RegNowView.swift */; };
		5B79C9282BAC0D08002BC3C6 /* DepNowView.swift in Sources */ = {isa = PBXBuildFile; fileRef = 5B79C9272BAC0D08002BC3C6 /* DepNowView.swift */; };
		5B79C92E2BAC4AAF002BC3C6 /* TabBarView.swift in Sources */ = {isa = PBXBuildFile; fileRef = 5B79C92D2BAC4AAF002BC3C6 /* TabBarView.swift */; };
		5B79C9302BAC4AE8002BC3C6 /* AppBackgroundView.swift in Sources */ = {isa = PBXBuildFile; fileRef = 5B79C92F2BAC4AE8002BC3C6 /* AppBackgroundView.swift */; };
		5B79C9322BAC4B8A002BC3C6 /* HomeView.swift in Sources */ = {isa = PBXBuildFile; fileRef = 5B79C9312BAC4B8A002BC3C6 /* HomeView.swift */; };
		5B79C9342BAC4B93002BC3C6 /* SignalsView.swift in Sources */ = {isa = PBXBuildFile; fileRef = 5B79C9332BAC4B93002BC3C6 /* SignalsView.swift */; };
		5B79C9362BAC4BA8002BC3C6 /* SettingsView.swift in Sources */ = {isa = PBXBuildFile; fileRef = 5B79C9352BAC4BA8002BC3C6 /* SettingsView.swift */; };
		5B79C9382BAC4BD7002BC3C6 /* ProgressBarView.swift in Sources */ = {isa = PBXBuildFile; fileRef = 5B79C9372BAC4BD7002BC3C6 /* ProgressBarView.swift */; };
		5B79C93A2BAC4E7B002BC3C6 /* SettingsButtonView.swift in Sources */ = {isa = PBXBuildFile; fileRef = 5B79C9392BAC4E7B002BC3C6 /* SettingsButtonView.swift */; };
		5B79C93F2BAC5407002BC3C6 /* SignalModel.swift in Sources */ = {isa = PBXBuildFile; fileRef = 5B79C93E2BAC5407002BC3C6 /* SignalModel.swift */; };
		5B79C9412BAC54AF002BC3C6 /* SignalRowView.swift in Sources */ = {isa = PBXBuildFile; fileRef = 5B79C9402BAC54AF002BC3C6 /* SignalRowView.swift */; };
		5B79C9432BAC5585002BC3C6 /* SignalViewModel.swift in Sources */ = {isa = PBXBuildFile; fileRef = 5B79C9422BAC5585002BC3C6 /* SignalViewModel.swift */; };
		5B79C9482BAC58B1002BC3C6 /* HomeButtonView.swift in Sources */ = {isa = PBXBuildFile; fileRef = 5B79C9472BAC58B1002BC3C6 /* HomeButtonView.swift */; };
		5B79C9582BAC6E96002BC3C6 /* BasedLearnView.swift in Sources */ = {isa = PBXBuildFile; fileRef = 5B79C9572BAC6E96002BC3C6 /* BasedLearnView.swift */; };
		5B79C95A2BAC7848002BC3C6 /* BasedLearnModel.swift in Sources */ = {isa = PBXBuildFile; fileRef = 5B79C9592BAC7848002BC3C6 /* BasedLearnModel.swift */; };
		5B79C95C2BAC79C6002BC3C6 /* BasedLearnViewModel.swift in Sources */ = {isa = PBXBuildFile; fileRef = 5B79C95B2BAC79C6002BC3C6 /* BasedLearnViewModel.swift */; };
		5B79C95E2BAC7A4B002BC3C6 /* BasedLearnRowView.swift in Sources */ = {isa = PBXBuildFile; fileRef = 5B79C95D2BAC7A4B002BC3C6 /* BasedLearnRowView.swift */; };
		5B8209312BAF60FC00304737 /* ChartModel.swift in Sources */ = {isa = PBXBuildFile; fileRef = 5B8209302BAF60FC00304737 /* ChartModel.swift */; };
		5B8209332BAF611B00304737 /* ChartViewModel.swift in Sources */ = {isa = PBXBuildFile; fileRef = 5B8209322BAF611B00304737 /* ChartViewModel.swift */; };
		5B92D8072BAE26FB00D78CB3 /* ChartView.swift in Sources */ = {isa = PBXBuildFile; fileRef = 5B92D8062BAE26FB00D78CB3 /* ChartView.swift */; };
		5BE54AF32BBD8B4700D63A1C /* AnalyticsView.swift in Sources */ = {isa = PBXBuildFile; fileRef = 5BE54AF22BBD8B4700D63A1C /* AnalyticsView.swift */; };
		5BE54AF82BBD90D600D63A1C /* WebWidgetView.swift in Sources */ = {isa = PBXBuildFile; fileRef = 5BE54AF72BBD90D600D63A1C /* WebWidgetView.swift */; };
		5BE54AFC2BBDAF4500D63A1C /* ChoosenWebWidget.swift in Sources */ = {isa = PBXBuildFile; fileRef = 5BE54AFB2BBDAF4500D63A1C /* ChoosenWebWidget.swift */; };
/* End PBXBuildFile section */

/* Begin PBXFileReference section */
		5B2005932BAD642300988D61 /* QuizModel.swift */ = {isa = PBXFileReference; lastKnownFileType = sourcecode.swift; path = QuizModel.swift; sourceTree = "<group>"; };
		5B2005952BAD648C00988D61 /* IntroductionView.swift */ = {isa = PBXFileReference; lastKnownFileType = sourcecode.swift; path = IntroductionView.swift; sourceTree = "<group>"; };
		5B2005CD2BAD698400988D61 /* CustomAlertView.swift */ = {isa = PBXFileReference; lastKnownFileType = sourcecode.swift; path = CustomAlertView.swift; sourceTree = "<group>"; };
		5B2005CF2BAD70E700988D61 /* SeventhInfoQuizView.swift */ = {isa = PBXFileReference; fileEncoding = 4; lastKnownFileType = sourcecode.swift; path = SeventhInfoQuizView.swift; sourceTree = "<group>"; };
		5B2005D02BAD70E700988D61 /* TwelfthInfoQuizView.swift */ = {isa = PBXFileReference; fileEncoding = 4; lastKnownFileType = sourcecode.swift; path = TwelfthInfoQuizView.swift; sourceTree = "<group>"; };
		5B2005D12BAD70E700988D61 /* ThirdInfoQuizView.swift */ = {isa = PBXFileReference; fileEncoding = 4; lastKnownFileType = sourcecode.swift; path = ThirdInfoQuizView.swift; sourceTree = "<group>"; };
		5B2005D22BAD70E700988D61 /* EighthInfoQuizView.swift */ = {isa = PBXFileReference; fileEncoding = 4; lastKnownFileType = sourcecode.swift; path = EighthInfoQuizView.swift; sourceTree = "<group>"; };
		5B2005D32BAD70E700988D61 /* NinthInfoQuizView.swift */ = {isa = PBXFileReference; fileEncoding = 4; lastKnownFileType = sourcecode.swift; path = NinthInfoQuizView.swift; sourceTree = "<group>"; };
		5B2005D42BAD70E700988D61 /* FifthInfoQuizView.swift */ = {isa = PBXFileReference; fileEncoding = 4; lastKnownFileType = sourcecode.swift; path = FifthInfoQuizView.swift; sourceTree = "<group>"; };
		5B2005D52BAD70E700988D61 /* TenthInfoQuizView.swift */ = {isa = PBXFileReference; fileEncoding = 4; lastKnownFileType = sourcecode.swift; path = TenthInfoQuizView.swift; sourceTree = "<group>"; };
		5B2005D62BAD70E700988D61 /* FirstInfoQuizView.swift */ = {isa = PBXFileReference; fileEncoding = 4; lastKnownFileType = sourcecode.swift; path = FirstInfoQuizView.swift; sourceTree = "<group>"; };
		5B2005D72BAD70E700988D61 /* EleventhInfoQuizView.swift */ = {isa = PBXFileReference; fileEncoding = 4; lastKnownFileType = sourcecode.swift; path = EleventhInfoQuizView.swift; sourceTree = "<group>"; };
		5B2005D82BAD70E700988D61 /* ThirteenthInfoQuizView.swift */ = {isa = PBXFileReference; fileEncoding = 4; lastKnownFileType = sourcecode.swift; path = ThirteenthInfoQuizView.swift; sourceTree = "<group>"; };
		5B2005D92BAD70E700988D61 /* FourthInfoQuizView.swift */ = {isa = PBXFileReference; fileEncoding = 4; lastKnownFileType = sourcecode.swift; path = FourthInfoQuizView.swift; sourceTree = "<group>"; };
		5B2005DA2BAD70E700988D61 /* SixthInfoQuizView.swift */ = {isa = PBXFileReference; fileEncoding = 4; lastKnownFileType = sourcecode.swift; path = SixthInfoQuizView.swift; sourceTree = "<group>"; };
		5B2005DB2BAD70E700988D61 /* SecondInfoQuizView.swift */ = {isa = PBXFileReference; fileEncoding = 4; lastKnownFileType = sourcecode.swift; path = SecondInfoQuizView.swift; sourceTree = "<group>"; };
		5B2005EA2BAD725F00988D61 /* FourthQuizGameView.swift */ = {isa = PBXFileReference; fileEncoding = 4; lastKnownFileType = sourcecode.swift; path = FourthQuizGameView.swift; sourceTree = "<group>"; };
		5B2005EB2BAD725F00988D61 /* NinthQuizGameView.swift */ = {isa = PBXFileReference; fileEncoding = 4; lastKnownFileType = sourcecode.swift; path = NinthQuizGameView.swift; sourceTree = "<group>"; };
		5B2005EC2BAD725F00988D61 /* ThirteenthQuizGameView.swift */ = {isa = PBXFileReference; fileEncoding = 4; lastKnownFileType = sourcecode.swift; path = ThirteenthQuizGameView.swift; sourceTree = "<group>"; };
		5B2005ED2BAD725F00988D61 /* EighthQuizGameView.swift */ = {isa = PBXFileReference; fileEncoding = 4; lastKnownFileType = sourcecode.swift; path = EighthQuizGameView.swift; sourceTree = "<group>"; };
		5B2005EE2BAD725F00988D61 /* FifthQuizGameView.swift */ = {isa = PBXFileReference; fileEncoding = 4; lastKnownFileType = sourcecode.swift; path = FifthQuizGameView.swift; sourceTree = "<group>"; };
		5B2005EF2BAD725F00988D61 /* TwelfthQuizGameView.swift */ = {isa = PBXFileReference; fileEncoding = 4; lastKnownFileType = sourcecode.swift; path = TwelfthQuizGameView.swift; sourceTree = "<group>"; };
		5B2005F02BAD725F00988D61 /* FirstQuizGameView.swift */ = {isa = PBXFileReference; fileEncoding = 4; lastKnownFileType = sourcecode.swift; path = FirstQuizGameView.swift; sourceTree = "<group>"; };
		5B2005F12BAD725F00988D61 /* ThirdQuizGameView.swift */ = {isa = PBXFileReference; fileEncoding = 4; lastKnownFileType = sourcecode.swift; path = ThirdQuizGameView.swift; sourceTree = "<group>"; };
		5B2005F22BAD725F00988D61 /* SeventhQuizGameView.swift */ = {isa = PBXFileReference; fileEncoding = 4; lastKnownFileType = sourcecode.swift; path = SeventhQuizGameView.swift; sourceTree = "<group>"; };
		5B2005F32BAD725F00988D61 /* SixthQuizGameView.swift */ = {isa = PBXFileReference; fileEncoding = 4; lastKnownFileType = sourcecode.swift; path = SixthQuizGameView.swift; sourceTree = "<group>"; };
		5B2005F42BAD725F00988D61 /* TenthQuizGameView.swift */ = {isa = PBXFileReference; fileEncoding = 4; lastKnownFileType = sourcecode.swift; path = TenthQuizGameView.swift; sourceTree = "<group>"; };
		5B2005F52BAD725F00988D61 /* SecondQuizGameView.swift */ = {isa = PBXFileReference; fileEncoding = 4; lastKnownFileType = sourcecode.swift; path = SecondQuizGameView.swift; sourceTree = "<group>"; };
		5B2005F62BAD725F00988D61 /* EleventhQuizGameView.swift */ = {isa = PBXFileReference; fileEncoding = 4; lastKnownFileType = sourcecode.swift; path = EleventhQuizGameView.swift; sourceTree = "<group>"; };
		5B2006042BAD742800988D61 /* IntroductionViewModel.swift */ = {isa = PBXFileReference; lastKnownFileType = sourcecode.swift; path = IntroductionViewModel.swift; sourceTree = "<group>"; };
		5B79C8EA2BAB0051002BC3C6 /* IntrXlern.app */ = {isa = PBXFileReference; explicitFileType = wrapper.application; includeInIndex = 0; path = IntrXlern.app; sourceTree = BUILT_PRODUCTS_DIR; };
		5B79C8ED2BAB0051002BC3C6 /* IntrXlernApp.swift */ = {isa = PBXFileReference; lastKnownFileType = sourcecode.swift; path = IntrXlernApp.swift; sourceTree = "<group>"; };
		5B79C8F12BAB0052002BC3C6 /* Assets.xcassets */ = {isa = PBXFileReference; lastKnownFileType = folder.assetcatalog; path = Assets.xcassets; sourceTree = "<group>"; };
		5B79C8F42BAB0052002BC3C6 /* Preview Assets.xcassets */ = {isa = PBXFileReference; lastKnownFileType = folder.assetcatalog; path = "Preview Assets.xcassets"; sourceTree = "<group>"; };
		5B79C9062BAB0171002BC3C6 /* LoadingView.swift */ = {isa = PBXFileReference; lastKnownFileType = sourcecode.swift; path = LoadingView.swift; sourceTree = "<group>"; };
		5B79C9082BAB021A002BC3C6 /* LaunchScreen.storyboard */ = {isa = PBXFileReference; lastKnownFileType = file.storyboard; path = LaunchScreen.storyboard; sourceTree = "<group>"; };
		5B79C90A2BAC0167002BC3C6 /* SpinnerView.swift */ = {isa = PBXFileReference; lastKnownFileType = sourcecode.swift; path = SpinnerView.swift; sourceTree = "<group>"; };
		5B79C90F2BAC0213002BC3C6 /* OnboardingBackgroundView.swift */ = {isa = PBXFileReference; lastKnownFileType = sourcecode.swift; path = OnboardingBackgroundView.swift; sourceTree = "<group>"; };
		5B79C9112BAC02C5002BC3C6 /* OnboardingView.swift */ = {isa = PBXFileReference; lastKnownFileType = sourcecode.swift; path = OnboardingView.swift; sourceTree = "<group>"; };
		5B79C9132BAC031D002BC3C6 /* Color.swift */ = {isa = PBXFileReference; lastKnownFileType = sourcecode.swift; path = Color.swift; sourceTree = "<group>"; };
		5B79C9152BAC03FA002BC3C6 /* WelcomeView.swift */ = {isa = PBXFileReference; lastKnownFileType = sourcecode.swift; path = WelcomeView.swift; sourceTree = "<group>"; };
		5B79C9172BAC040A002BC3C6 /* NotificationsView.swift */ = {isa = PBXFileReference; lastKnownFileType = sourcecode.swift; path = NotificationsView.swift; sourceTree = "<group>"; };
		5B79C9192BAC0434002BC3C6 /* DemoChartView.swift */ = {isa = PBXFileReference; lastKnownFileType = sourcecode.swift; path = DemoChartView.swift; sourceTree = "<group>"; };
		5B79C91B2BAC043C002BC3C6 /* DemoRateAppView.swift */ = {isa = PBXFileReference; lastKnownFileType = sourcecode.swift; path = DemoRateAppView.swift; sourceTree = "<group>"; };
		5B79C91D2BAC044C002BC3C6 /* DemoQuizView.swift */ = {isa = PBXFileReference; lastKnownFileType = sourcecode.swift; path = DemoQuizView.swift; sourceTree = "<group>"; };
		5B79C91F2BAC0CD8002BC3C6 /* RegSuccessView.swift */ = {isa = PBXFileReference; lastKnownFileType = sourcecode.swift; path = RegSuccessView.swift; sourceTree = "<group>"; };
		5B79C9212BAC0CE2002BC3C6 /* DepSuccessView.swift */ = {isa = PBXFileReference; lastKnownFileType = sourcecode.swift; path = DepSuccessView.swift; sourceTree = "<group>"; };
		5B79C9232BAC0CF7002BC3C6 /* PushNotificationView.swift */ = {isa = PBXFileReference; lastKnownFileType = sourcecode.swift; path = PushNotificationView.swift; sourceTree = "<group>"; };
		5B79C9252BAC0D01002BC3C6 /* RegNowView.swift */ = {isa = PBXFileReference; lastKnownFileType = sourcecode.swift; path = RegNowView.swift; sourceTree = "<group>"; };
		5B79C9272BAC0D08002BC3C6 /* DepNowView.swift */ = {isa = PBXFileReference; lastKnownFileType = sourcecode.swift; path = DepNowView.swift; sourceTree = "<group>"; };
		5B79C92D2BAC4AAF002BC3C6 /* TabBarView.swift */ = {isa = PBXFileReference; lastKnownFileType = sourcecode.swift; path = TabBarView.swift; sourceTree = "<group>"; };
		5B79C92F2BAC4AE8002BC3C6 /* AppBackgroundView.swift */ = {isa = PBXFileReference; lastKnownFileType = sourcecode.swift; path = AppBackgroundView.swift; sourceTree = "<group>"; };
		5B79C9312BAC4B8A002BC3C6 /* HomeView.swift */ = {isa = PBXFileReference; lastKnownFileType = sourcecode.swift; path = HomeView.swift; sourceTree = "<group>"; };
		5B79C9332BAC4B93002BC3C6 /* SignalsView.swift */ = {isa = PBXFileReference; lastKnownFileType = sourcecode.swift; path = SignalsView.swift; sourceTree = "<group>"; };
		5B79C9352BAC4BA8002BC3C6 /* SettingsView.swift */ = {isa = PBXFileReference; lastKnownFileType = sourcecode.swift; path = SettingsView.swift; sourceTree = "<group>"; };
		5B79C9372BAC4BD7002BC3C6 /* ProgressBarView.swift */ = {isa = PBXFileReference; lastKnownFileType = sourcecode.swift; path = ProgressBarView.swift; sourceTree = "<group>"; };
		5B79C9392BAC4E7B002BC3C6 /* SettingsButtonView.swift */ = {isa = PBXFileReference; lastKnownFileType = sourcecode.swift; path = SettingsButtonView.swift; sourceTree = "<group>"; };
		5B79C93E2BAC5407002BC3C6 /* SignalModel.swift */ = {isa = PBXFileReference; lastKnownFileType = sourcecode.swift; path = SignalModel.swift; sourceTree = "<group>"; };
		5B79C9402BAC54AF002BC3C6 /* SignalRowView.swift */ = {isa = PBXFileReference; lastKnownFileType = sourcecode.swift; path = SignalRowView.swift; sourceTree = "<group>"; };
		5B79C9422BAC5585002BC3C6 /* SignalViewModel.swift */ = {isa = PBXFileReference; lastKnownFileType = sourcecode.swift; path = SignalViewModel.swift; sourceTree = "<group>"; };
		5B79C9472BAC58B1002BC3C6 /* HomeButtonView.swift */ = {isa = PBXFileReference; lastKnownFileType = sourcecode.swift; path = HomeButtonView.swift; sourceTree = "<group>"; };
		5B79C9572BAC6E96002BC3C6 /* BasedLearnView.swift */ = {isa = PBXFileReference; lastKnownFileType = sourcecode.swift; path = BasedLearnView.swift; sourceTree = "<group>"; };
		5B79C9592BAC7848002BC3C6 /* BasedLearnModel.swift */ = {isa = PBXFileReference; lastKnownFileType = sourcecode.swift; path = BasedLearnModel.swift; sourceTree = "<group>"; };
		5B79C95B2BAC79C6002BC3C6 /* BasedLearnViewModel.swift */ = {isa = PBXFileReference; lastKnownFileType = sourcecode.swift; path = BasedLearnViewModel.swift; sourceTree = "<group>"; };
		5B79C95D2BAC7A4B002BC3C6 /* BasedLearnRowView.swift */ = {isa = PBXFileReference; lastKnownFileType = sourcecode.swift; path = BasedLearnRowView.swift; sourceTree = "<group>"; };
		5B8209302BAF60FC00304737 /* ChartModel.swift */ = {isa = PBXFileReference; lastKnownFileType = sourcecode.swift; path = ChartModel.swift; sourceTree = "<group>"; };
		5B8209322BAF611B00304737 /* ChartViewModel.swift */ = {isa = PBXFileReference; lastKnownFileType = sourcecode.swift; path = ChartViewModel.swift; sourceTree = "<group>"; };
		5B92D8062BAE26FB00D78CB3 /* ChartView.swift */ = {isa = PBXFileReference; lastKnownFileType = sourcecode.swift; path = ChartView.swift; sourceTree = "<group>"; };
		5BE54AF22BBD8B4700D63A1C /* AnalyticsView.swift */ = {isa = PBXFileReference; lastKnownFileType = sourcecode.swift; path = AnalyticsView.swift; sourceTree = "<group>"; };
		5BE54AF72BBD90D600D63A1C /* WebWidgetView.swift */ = {isa = PBXFileReference; lastKnownFileType = sourcecode.swift; path = WebWidgetView.swift; sourceTree = "<group>"; };
		5BE54AFB2BBDAF4500D63A1C /* ChoosenWebWidget.swift */ = {isa = PBXFileReference; lastKnownFileType = sourcecode.swift; path = ChoosenWebWidget.swift; sourceTree = "<group>"; };
/* End PBXFileReference section */

/* Begin PBXFrameworksBuildPhase section */
		5B79C8E72BAB0051002BC3C6 /* Frameworks */ = {
			isa = PBXFrameworksBuildPhase;
			buildActionMask = 2147483647;
			files = (
			);
			runOnlyForDeploymentPostprocessing = 0;
		};
/* End PBXFrameworksBuildPhase section */

/* Begin PBXGroup section */
		5B2005E92BAD723300988D61 /* game */ = {
			isa = PBXGroup;
			children = (
				5B2005F02BAD725F00988D61 /* FirstQuizGameView.swift */,
				5B2005F52BAD725F00988D61 /* SecondQuizGameView.swift */,
				5B2005F12BAD725F00988D61 /* ThirdQuizGameView.swift */,
				5B2005EA2BAD725F00988D61 /* FourthQuizGameView.swift */,
				5B2005EE2BAD725F00988D61 /* FifthQuizGameView.swift */,
				5B2005F32BAD725F00988D61 /* SixthQuizGameView.swift */,
				5B2005F22BAD725F00988D61 /* SeventhQuizGameView.swift */,
				5B2005ED2BAD725F00988D61 /* EighthQuizGameView.swift */,
				5B2005EB2BAD725F00988D61 /* NinthQuizGameView.swift */,
				5B2005F42BAD725F00988D61 /* TenthQuizGameView.swift */,
				5B2005F62BAD725F00988D61 /* EleventhQuizGameView.swift */,
				5B2005EF2BAD725F00988D61 /* TwelfthQuizGameView.swift */,
				5B2005EC2BAD725F00988D61 /* ThirteenthQuizGameView.swift */,
			);
			path = game;
			sourceTree = "<group>";
		};
		5B79C8E12BAB0051002BC3C6 = {
			isa = PBXGroup;
			children = (
				5B79C8EC2BAB0051002BC3C6 /* IntrXlern */,
				5B79C8EB2BAB0051002BC3C6 /* Products */,
			);
			sourceTree = "<group>";
		};
		5B79C8EB2BAB0051002BC3C6 /* Products */ = {
			isa = PBXGroup;
			children = (
				5B79C8EA2BAB0051002BC3C6 /* IntrXlern.app */,
			);
			name = Products;
			sourceTree = "<group>";
		};
		5B79C8EC2BAB0051002BC3C6 /* IntrXlern */ = {
			isa = PBXGroup;
			children = (
				5B79C8F32BAB0052002BC3C6 /* Preview Content */,
				5B79C8FE2BAB009D002BC3C6 /* App */,
				5B79C8FD2BAB009C002BC3C6 /* Extension */,
				5B79C8FC2BAB0099002BC3C6 /* Helper */,
				5B79C8FB2BAB0095002BC3C6 /* Core */,
			);
			path = IntrXlern;
			sourceTree = "<group>";
		};
		5B79C8F32BAB0052002BC3C6 /* Preview Content */ = {
			isa = PBXGroup;
			children = (
				5B79C8F42BAB0052002BC3C6 /* Preview Assets.xcassets */,
			);
			path = "Preview Content";
			sourceTree = "<group>";
		};
		5B79C8FB2BAB0095002BC3C6 /* Core */ = {
			isa = PBXGroup;
			children = (
				5B79C9032BAB0120002BC3C6 /* Components */,
				5B79C9022BAB0116002BC3C6 /* Preloader */,
				5B79C9012BAB0114002BC3C6 /* Main */,
				5B79C9002BAB0112002BC3C6 /* TabBarView */,
				5B79C8FF2BAB010F002BC3C6 /* Successfull */,
			);
			path = Core;
			sourceTree = "<group>";
		};
		5B79C8FC2BAB0099002BC3C6 /* Helper */ = {
			isa = PBXGroup;
			children = (
				5BE54AF62BBD90B300D63A1C /* WebForWidgets */,
			);
			path = Helper;
			sourceTree = "<group>";
		};
		5B79C8FD2BAB009C002BC3C6 /* Extension */ = {
			isa = PBXGroup;
			children = (
				5B79C9132BAC031D002BC3C6 /* Color.swift */,
			);
			path = Extension;
			sourceTree = "<group>";
		};
		5B79C8FE2BAB009D002BC3C6 /* App */ = {
			isa = PBXGroup;
			children = (
				5B79C8ED2BAB0051002BC3C6 /* IntrXlernApp.swift */,
				5B79C8F12BAB0052002BC3C6 /* Assets.xcassets */,
			);
			path = App;
			sourceTree = "<group>";
		};
		5B79C8FF2BAB010F002BC3C6 /* Successfull */ = {
			isa = PBXGroup;
			children = (
				5B79C91F2BAC0CD8002BC3C6 /* RegSuccessView.swift */,
				5B79C9212BAC0CE2002BC3C6 /* DepSuccessView.swift */,
				5B79C9232BAC0CF7002BC3C6 /* PushNotificationView.swift */,
				5B79C9252BAC0D01002BC3C6 /* RegNowView.swift */,
				5B79C9272BAC0D08002BC3C6 /* DepNowView.swift */,
			);
			path = Successfull;
			sourceTree = "<group>";
		};
		5B79C9002BAB0112002BC3C6 /* TabBarView */ = {
			isa = PBXGroup;
			children = (
				5B79C92C2BAC4AA0002BC3C6 /* Background */,
				5B79C92D2BAC4AAF002BC3C6 /* TabBarView.swift */,
				5B79C92B2BAC4A9F002BC3C6 /* HomeTab */,
				5BE54AF12BBD8B0F00D63A1C /* AnalyticsTab */,
				5B79C92A2BAC4A9D002BC3C6 /* SignalsTab */,
				5B79C9292BAC4A9B002BC3C6 /* SettingsTab */,
			);
			path = TabBarView;
			sourceTree = "<group>";
		};
		5B79C9012BAB0114002BC3C6 /* Main */ = {
			isa = PBXGroup;
			children = (
				5B79C90E2BAC01D8002BC3C6 /* Background */,
				5B79C90D2BAC01D6002BC3C6 /* Onboarding */,
				5B79C90C2BAC01D3002BC3C6 /* OnboardingViews */,
			);
			path = Main;
			sourceTree = "<group>";
		};
		5B79C9022BAB0116002BC3C6 /* Preloader */ = {
			isa = PBXGroup;
			children = (
				5B79C9052BAB0159002BC3C6 /* Launch */,
				5B79C9042BAB0156002BC3C6 /* Loading */,
			);
			path = Preloader;
			sourceTree = "<group>";
		};
		5B79C9032BAB0120002BC3C6 /* Components */ = {
			isa = PBXGroup;
			children = (
				5B79C90A2BAC0167002BC3C6 /* SpinnerView.swift */,
				5B79C9372BAC4BD7002BC3C6 /* ProgressBarView.swift */,
				5B79C9392BAC4E7B002BC3C6 /* SettingsButtonView.swift */,
				5B79C9472BAC58B1002BC3C6 /* HomeButtonView.swift */,
				5B2005CD2BAD698400988D61 /* CustomAlertView.swift */,
			);
			path = Components;
			sourceTree = "<group>";
		};
		5B79C9042BAB0156002BC3C6 /* Loading */ = {
			isa = PBXGroup;
			children = (
				5B79C9062BAB0171002BC3C6 /* LoadingView.swift */,
			);
			path = Loading;
			sourceTree = "<group>";
		};
		5B79C9052BAB0159002BC3C6 /* Launch */ = {
			isa = PBXGroup;
			children = (
				5B79C9082BAB021A002BC3C6 /* LaunchScreen.storyboard */,
			);
			path = Launch;
			sourceTree = "<group>";
		};
		5B79C90C2BAC01D3002BC3C6 /* OnboardingViews */ = {
			isa = PBXGroup;
			children = (
				5B79C9152BAC03FA002BC3C6 /* WelcomeView.swift */,
				5B79C9172BAC040A002BC3C6 /* NotificationsView.swift */,
				5B79C9192BAC0434002BC3C6 /* DemoChartView.swift */,
				5B79C91B2BAC043C002BC3C6 /* DemoRateAppView.swift */,
				5B79C91D2BAC044C002BC3C6 /* DemoQuizView.swift */,
			);
			path = OnboardingViews;
			sourceTree = "<group>";
		};
		5B79C90D2BAC01D6002BC3C6 /* Onboarding */ = {
			isa = PBXGroup;
			children = (
				5B79C9112BAC02C5002BC3C6 /* OnboardingView.swift */,
			);
			path = Onboarding;
			sourceTree = "<group>";
		};
		5B79C90E2BAC01D8002BC3C6 /* Background */ = {
			isa = PBXGroup;
			children = (
				5B79C90F2BAC0213002BC3C6 /* OnboardingBackgroundView.swift */,
			);
			path = Background;
			sourceTree = "<group>";
		};
		5B79C9292BAC4A9B002BC3C6 /* SettingsTab */ = {
			isa = PBXGroup;
			children = (
				5B79C9352BAC4BA8002BC3C6 /* SettingsView.swift */,
			);
			path = SettingsTab;
			sourceTree = "<group>";
		};
		5B79C92A2BAC4A9D002BC3C6 /* SignalsTab */ = {
			isa = PBXGroup;
			children = (
				5B79C9332BAC4B93002BC3C6 /* SignalsView.swift */,
				5B79C93D2BAC5375002BC3C6 /* Model */,
				5B79C93C2BAC5372002BC3C6 /* View */,
				5B79C93B2BAC5370002BC3C6 /* ViewModel */,
			);
			path = SignalsTab;
			sourceTree = "<group>";
		};
		5B79C92B2BAC4A9F002BC3C6 /* HomeTab */ = {
			isa = PBXGroup;
			children = (
				5B79C9312BAC4B8A002BC3C6 /* HomeView.swift */,
				5B79C9462BAC582A002BC3C6 /* Chart */,
				5B79C9452BAC5828002BC3C6 /* Introduction */,
				5B79C9442BAC5826002BC3C6 /* Based Learn */,
			);
			path = HomeTab;
			sourceTree = "<group>";
		};
		5B79C92C2BAC4AA0002BC3C6 /* Background */ = {
			isa = PBXGroup;
			children = (
				5B79C92F2BAC4AE8002BC3C6 /* AppBackgroundView.swift */,
			);
			path = Background;
			sourceTree = "<group>";
		};
		5B79C93B2BAC5370002BC3C6 /* ViewModel */ = {
			isa = PBXGroup;
			children = (
				5B79C9422BAC5585002BC3C6 /* SignalViewModel.swift */,
			);
			path = ViewModel;
			sourceTree = "<group>";
		};
		5B79C93C2BAC5372002BC3C6 /* View */ = {
			isa = PBXGroup;
			children = (
				5B79C9402BAC54AF002BC3C6 /* SignalRowView.swift */,
			);
			path = View;
			sourceTree = "<group>";
		};
		5B79C93D2BAC5375002BC3C6 /* Model */ = {
			isa = PBXGroup;
			children = (
				5B79C93E2BAC5407002BC3C6 /* SignalModel.swift */,
			);
			path = Model;
			sourceTree = "<group>";
		};
		5B79C9442BAC5826002BC3C6 /* Based Learn */ = {
			isa = PBXGroup;
			children = (
				5B79C9572BAC6E96002BC3C6 /* BasedLearnView.swift */,
				5B79C9562BAC6E87002BC3C6 /* Model */,
				5B79C9552BAC6E86002BC3C6 /* View */,
				5B79C9542BAC6E83002BC3C6 /* ViewModel */,
			);
			path = "Based Learn";
			sourceTree = "<group>";
		};
		5B79C9452BAC5828002BC3C6 /* Introduction */ = {
			isa = PBXGroup;
			children = (
				5B2005952BAD648C00988D61 /* IntroductionView.swift */,
				5B79C94B2BAC65D2002BC3C6 /* Model */,
				5B79C94A2BAC65D1002BC3C6 /* info */,
				5B2005E92BAD723300988D61 /* game */,
				5B79C9492BAC65CE002BC3C6 /* ViewModel */,
			);
			path = Introduction;
			sourceTree = "<group>";
		};
		5B79C9462BAC582A002BC3C6 /* Chart */ = {
			isa = PBXGroup;
			children = (
				5B82092D2BAF60D600304737 /* Model */,
				5B82092F2BAF60EA00304737 /* View */,
				5B82092E2BAF60E100304737 /* ViewModel */,
			);
			path = Chart;
			sourceTree = "<group>";
		};
		5B79C9492BAC65CE002BC3C6 /* ViewModel */ = {
			isa = PBXGroup;
			children = (
				5B2006042BAD742800988D61 /* IntroductionViewModel.swift */,
			);
			path = ViewModel;
			sourceTree = "<group>";
		};
		5B79C94A2BAC65D1002BC3C6 /* info */ = {
			isa = PBXGroup;
			children = (
				5B2005D62BAD70E700988D61 /* FirstInfoQuizView.swift */,
				5B2005DB2BAD70E700988D61 /* SecondInfoQuizView.swift */,
				5B2005D12BAD70E700988D61 /* ThirdInfoQuizView.swift */,
				5B2005D92BAD70E700988D61 /* FourthInfoQuizView.swift */,
				5B2005D42BAD70E700988D61 /* FifthInfoQuizView.swift */,
				5B2005DA2BAD70E700988D61 /* SixthInfoQuizView.swift */,
				5B2005CF2BAD70E700988D61 /* SeventhInfoQuizView.swift */,
				5B2005D22BAD70E700988D61 /* EighthInfoQuizView.swift */,
				5B2005D32BAD70E700988D61 /* NinthInfoQuizView.swift */,
				5B2005D52BAD70E700988D61 /* TenthInfoQuizView.swift */,
				5B2005D72BAD70E700988D61 /* EleventhInfoQuizView.swift */,
				5B2005D02BAD70E700988D61 /* TwelfthInfoQuizView.swift */,
				5B2005D82BAD70E700988D61 /* ThirteenthInfoQuizView.swift */,
			);
			path = info;
			sourceTree = "<group>";
		};
		5B79C94B2BAC65D2002BC3C6 /* Model */ = {
			isa = PBXGroup;
			children = (
				5B2005932BAD642300988D61 /* QuizModel.swift */,
			);
			path = Model;
			sourceTree = "<group>";
		};
		5B79C9542BAC6E83002BC3C6 /* ViewModel */ = {
			isa = PBXGroup;
			children = (
				5B79C95B2BAC79C6002BC3C6 /* BasedLearnViewModel.swift */,
			);
			path = ViewModel;
			sourceTree = "<group>";
		};
		5B79C9552BAC6E86002BC3C6 /* View */ = {
			isa = PBXGroup;
			children = (
				5B79C95D2BAC7A4B002BC3C6 /* BasedLearnRowView.swift */,
			);
			path = View;
			sourceTree = "<group>";
		};
		5B79C9562BAC6E87002BC3C6 /* Model */ = {
			isa = PBXGroup;
			children = (
				5B79C9592BAC7848002BC3C6 /* BasedLearnModel.swift */,
			);
			path = Model;
			sourceTree = "<group>";
		};
		5B82092D2BAF60D600304737 /* Model */ = {
			isa = PBXGroup;
			children = (
				5B8209302BAF60FC00304737 /* ChartModel.swift */,
			);
			path = Model;
			sourceTree = "<group>";
		};
		5B82092E2BAF60E100304737 /* ViewModel */ = {
			isa = PBXGroup;
			children = (
				5B8209322BAF611B00304737 /* ChartViewModel.swift */,
			);
			path = ViewModel;
			sourceTree = "<group>";
		};
		5B82092F2BAF60EA00304737 /* View */ = {
			isa = PBXGroup;
			children = (
				5B92D8062BAE26FB00D78CB3 /* ChartView.swift */,
			);
			path = View;
			sourceTree = "<group>";
		};
		5BE54AF12BBD8B0F00D63A1C /* AnalyticsTab */ = {
			isa = PBXGroup;
			children = (
				5BE54AF22BBD8B4700D63A1C /* AnalyticsView.swift */,
				5BE54AFB2BBDAF4500D63A1C /* ChoosenWebWidget.swift */,
			);
			path = AnalyticsTab;
			sourceTree = "<group>";
		};
		5BE54AF62BBD90B300D63A1C /* WebForWidgets */ = {
			isa = PBXGroup;
			children = (
				5BE54AF72BBD90D600D63A1C /* WebWidgetView.swift */,
			);
			path = WebForWidgets;
			sourceTree = "<group>";
		};
/* End PBXGroup section */

/* Begin PBXNativeTarget section */
		5B79C8E92BAB0051002BC3C6 /* IntrXlern */ = {
			isa = PBXNativeTarget;
			buildConfigurationList = 5B79C8F82BAB0052002BC3C6 /* Build configuration list for PBXNativeTarget "IntrXlern" */;
			buildPhases = (
				5B79C8E62BAB0051002BC3C6 /* Sources */,
				5B79C8E72BAB0051002BC3C6 /* Frameworks */,
				5B79C8E82BAB0051002BC3C6 /* Resources */,
			);
			buildRules = (
			);
			dependencies = (
			);
			name = IntrXlern;
			packageProductDependencies = (
			);
			productName = IntrXlern;
			productReference = 5B79C8EA2BAB0051002BC3C6 /* IntrXlern.app */;
			productType = "com.apple.product-type.application";
		};
/* End PBXNativeTarget section */

/* Begin PBXProject section */
		5B79C8E22BAB0051002BC3C6 /* Project object */ = {
			isa = PBXProject;
			attributes = {
				BuildIndependentTargetsInParallel = 1;
				LastSwiftUpdateCheck = 1520;
				LastUpgradeCheck = 1520;
				TargetAttributes = {
					5B79C8E92BAB0051002BC3C6 = {
						CreatedOnToolsVersion = 15.2;
					};
				};
			};
			buildConfigurationList = 5B79C8E52BAB0051002BC3C6 /* Build configuration list for PBXProject "IntrXlern" */;
			compatibilityVersion = "Xcode 14.0";
			developmentRegion = en;
			hasScannedForEncodings = 0;
			knownRegions = (
				en,
				Base,
			);
			mainGroup = 5B79C8E12BAB0051002BC3C6;
			packageReferences = (
			);
			productRefGroup = 5B79C8EB2BAB0051002BC3C6 /* Products */;
			projectDirPath = "";
			projectRoot = "";
			targets = (
				5B79C8E92BAB0051002BC3C6 /* IntrXlern */,
			);
		};
/* End PBXProject section */

/* Begin PBXResourcesBuildPhase section */
		5B79C8E82BAB0051002BC3C6 /* Resources */ = {
			isa = PBXResourcesBuildPhase;
			buildActionMask = 2147483647;
			files = (
				5B79C9092BAB021A002BC3C6 /* LaunchScreen.storyboard in Resources */,
				5B79C8F52BAB0052002BC3C6 /* Preview Assets.xcassets in Resources */,
				5B79C8F22BAB0052002BC3C6 /* Assets.xcassets in Resources */,
			);
			runOnlyForDeploymentPostprocessing = 0;
		};
/* End PBXResourcesBuildPhase section */

/* Begin PBXSourcesBuildPhase section */
		5B79C8E62BAB0051002BC3C6 /* Sources */ = {
			isa = PBXSourcesBuildPhase;
			buildActionMask = 2147483647;
			files = (
				5B79C9362BAC4BA8002BC3C6 /* SettingsView.swift in Sources */,
				5B79C92E2BAC4AAF002BC3C6 /* TabBarView.swift in Sources */,
				5B2006002BAD725F00988D61 /* SixthQuizGameView.swift in Sources */,
				5B2005FD2BAD725F00988D61 /* FirstQuizGameView.swift in Sources */,
				5B2005FE2BAD725F00988D61 /* ThirdQuizGameView.swift in Sources */,
				5B2005DD2BAD70E700988D61 /* TwelfthInfoQuizView.swift in Sources */,
				5B2005E12BAD70E700988D61 /* FifthInfoQuizView.swift in Sources */,
				5B79C9412BAC54AF002BC3C6 /* SignalRowView.swift in Sources */,
				5B2005FC2BAD725F00988D61 /* TwelfthQuizGameView.swift in Sources */,
				5B92D8072BAE26FB00D78CB3 /* ChartView.swift in Sources */,
				5B79C95E2BAC7A4B002BC3C6 /* BasedLearnRowView.swift in Sources */,
				5B2006052BAD742800988D61 /* IntroductionViewModel.swift in Sources */,
				5B2005942BAD642300988D61 /* QuizModel.swift in Sources */,
				5B79C8EE2BAB0051002BC3C6 /* IntrXlernApp.swift in Sources */,
				5B2005DE2BAD70E700988D61 /* ThirdInfoQuizView.swift in Sources */,
				5B2005F72BAD725F00988D61 /* FourthQuizGameView.swift in Sources */,
				5B79C9262BAC0D01002BC3C6 /* RegNowView.swift in Sources */,
				5B2006022BAD725F00988D61 /* SecondQuizGameView.swift in Sources */,
				5B2005E32BAD70E700988D61 /* FirstInfoQuizView.swift in Sources */,
				5B2005E02BAD70E700988D61 /* NinthInfoQuizView.swift in Sources */,
				5B2005962BAD648C00988D61 /* IntroductionView.swift in Sources */,
				5B79C95C2BAC79C6002BC3C6 /* BasedLearnViewModel.swift in Sources */,
				5B2005E52BAD70E700988D61 /* ThirteenthInfoQuizView.swift in Sources */,
				5B79C90B2BAC0167002BC3C6 /* SpinnerView.swift in Sources */,
				5B79C9382BAC4BD7002BC3C6 /* ProgressBarView.swift in Sources */,
				5B79C95A2BAC7848002BC3C6 /* BasedLearnModel.swift in Sources */,
				5B2005E72BAD70E700988D61 /* SixthInfoQuizView.swift in Sources */,
				5B2005FF2BAD725F00988D61 /* SeventhQuizGameView.swift in Sources */,
				5B79C9282BAC0D08002BC3C6 /* DepNowView.swift in Sources */,
				5B79C9072BAB0171002BC3C6 /* LoadingView.swift in Sources */,
				5B2005E22BAD70E700988D61 /* TenthInfoQuizView.swift in Sources */,
				5B8209312BAF60FC00304737 /* ChartModel.swift in Sources */,
				5B79C9242BAC0CF7002BC3C6 /* PushNotificationView.swift in Sources */,
				5B2005CE2BAD698400988D61 /* CustomAlertView.swift in Sources */,
				5B79C91C2BAC043C002BC3C6 /* DemoRateAppView.swift in Sources */,
				5B2006012BAD725F00988D61 /* TenthQuizGameView.swift in Sources */,
				5B2005DC2BAD70E700988D61 /* SeventhInfoQuizView.swift in Sources */,
				5B79C9342BAC4B93002BC3C6 /* SignalsView.swift in Sources */,
				5B79C9222BAC0CE2002BC3C6 /* DepSuccessView.swift in Sources */,
				5B79C91E2BAC044C002BC3C6 /* DemoQuizView.swift in Sources */,
				5B79C9302BAC4AE8002BC3C6 /* AppBackgroundView.swift in Sources */,
				5B79C91A2BAC0434002BC3C6 /* DemoChartView.swift in Sources */,
				5B2005FA2BAD725F00988D61 /* EighthQuizGameView.swift in Sources */,
				5B2005F92BAD725F00988D61 /* ThirteenthQuizGameView.swift in Sources */,
				5B2005E42BAD70E700988D61 /* EleventhInfoQuizView.swift in Sources */,
				5B8209332BAF611B00304737 /* ChartViewModel.swift in Sources */,
				5BE54AFC2BBDAF4500D63A1C /* ChoosenWebWidget.swift in Sources */,
				5B79C9122BAC02C5002BC3C6 /* OnboardingView.swift in Sources */,
				5B2005DF2BAD70E700988D61 /* EighthInfoQuizView.swift in Sources */,
				5B79C9102BAC0213002BC3C6 /* OnboardingBackgroundView.swift in Sources */,
				5B79C9142BAC031D002BC3C6 /* Color.swift in Sources */,
				5B2005E82BAD70E700988D61 /* SecondInfoQuizView.swift in Sources */,
				5B79C9202BAC0CD8002BC3C6 /* RegSuccessView.swift in Sources */,
				5B79C9432BAC5585002BC3C6 /* SignalViewModel.swift in Sources */,
				5B79C93F2BAC5407002BC3C6 /* SignalModel.swift in Sources */,
				5B2006032BAD725F00988D61 /* EleventhQuizGameView.swift in Sources */,
				5B79C9482BAC58B1002BC3C6 /* HomeButtonView.swift in Sources */,
				5B2005F82BAD725F00988D61 /* NinthQuizGameView.swift in Sources */,
				5B2005FB2BAD725F00988D61 /* FifthQuizGameView.swift in Sources */,
				5B79C93A2BAC4E7B002BC3C6 /* SettingsButtonView.swift in Sources */,
				5B79C9582BAC6E96002BC3C6 /* BasedLearnView.swift in Sources */,
				5B79C9162BAC03FA002BC3C6 /* WelcomeView.swift in Sources */,
				5B2005E62BAD70E700988D61 /* FourthInfoQuizView.swift in Sources */,
				5B79C9182BAC040A002BC3C6 /* NotificationsView.swift in Sources */,
				5BE54AF32BBD8B4700D63A1C /* AnalyticsView.swift in Sources */,
				5B79C9322BAC4B8A002BC3C6 /* HomeView.swift in Sources */,
				5BE54AF82BBD90D600D63A1C /* WebWidgetView.swift in Sources */,
			);
			runOnlyForDeploymentPostprocessing = 0;
		};
/* End PBXSourcesBuildPhase section */

/* Begin XCBuildConfiguration section */
		5B79C8F62BAB0052002BC3C6 /* Debug */ = {
			isa = XCBuildConfiguration;
			buildSettings = {
				ALWAYS_SEARCH_USER_PATHS = NO;
				ASSETCATALOG_COMPILER_GENERATE_SWIFT_ASSET_SYMBOL_EXTENSIONS = YES;
				CLANG_ANALYZER_NONNULL = YES;
				CLANG_ANALYZER_NUMBER_OBJECT_CONVERSION = YES_AGGRESSIVE;
				CLANG_CXX_LANGUAGE_STANDARD = "gnu++20";
				CLANG_ENABLE_MODULES = YES;
				CLANG_ENABLE_OBJC_ARC = YES;
				CLANG_ENABLE_OBJC_WEAK = YES;
				CLANG_WARN_BLOCK_CAPTURE_AUTORELEASING = YES;
				CLANG_WARN_BOOL_CONVERSION = YES;
				CLANG_WARN_COMMA = YES;
				CLANG_WARN_CONSTANT_CONVERSION = YES;
				CLANG_WARN_DEPRECATED_OBJC_IMPLEMENTATIONS = YES;
				CLANG_WARN_DIRECT_OBJC_ISA_USAGE = YES_ERROR;
				CLANG_WARN_DOCUMENTATION_COMMENTS = YES;
				CLANG_WARN_EMPTY_BODY = YES;
				CLANG_WARN_ENUM_CONVERSION = YES;
				CLANG_WARN_INFINITE_RECURSION = YES;
				CLANG_WARN_INT_CONVERSION = YES;
				CLANG_WARN_NON_LITERAL_NULL_CONVERSION = YES;
				CLANG_WARN_OBJC_IMPLICIT_RETAIN_SELF = YES;
				CLANG_WARN_OBJC_LITERAL_CONVERSION = YES;
				CLANG_WARN_OBJC_ROOT_CLASS = YES_ERROR;
				CLANG_WARN_QUOTED_INCLUDE_IN_FRAMEWORK_HEADER = YES;
				CLANG_WARN_RANGE_LOOP_ANALYSIS = YES;
				CLANG_WARN_STRICT_PROTOTYPES = YES;
				CLANG_WARN_SUSPICIOUS_MOVE = YES;
				CLANG_WARN_UNGUARDED_AVAILABILITY = YES_AGGRESSIVE;
				CLANG_WARN_UNREACHABLE_CODE = YES;
				CLANG_WARN__DUPLICATE_METHOD_MATCH = YES;
				COPY_PHASE_STRIP = NO;
				DEBUG_INFORMATION_FORMAT = dwarf;
				ENABLE_STRICT_OBJC_MSGSEND = YES;
				ENABLE_TESTABILITY = YES;
				ENABLE_USER_SCRIPT_SANDBOXING = YES;
				GCC_C_LANGUAGE_STANDARD = gnu17;
				GCC_DYNAMIC_NO_PIC = NO;
				GCC_NO_COMMON_BLOCKS = YES;
				GCC_OPTIMIZATION_LEVEL = 0;
				GCC_PREPROCESSOR_DEFINITIONS = (
					"DEBUG=1",
					"$(inherited)",
				);
				GCC_WARN_64_TO_32_BIT_CONVERSION = YES;
				GCC_WARN_ABOUT_RETURN_TYPE = YES_ERROR;
				GCC_WARN_UNDECLARED_SELECTOR = YES;
				GCC_WARN_UNINITIALIZED_AUTOS = YES_AGGRESSIVE;
				GCC_WARN_UNUSED_FUNCTION = YES;
				GCC_WARN_UNUSED_VARIABLE = YES;
				IPHONEOS_DEPLOYMENT_TARGET = 15.0;
				LOCALIZATION_PREFERS_STRING_CATALOGS = YES;
				MTL_ENABLE_DEBUG_INFO = INCLUDE_SOURCE;
				MTL_FAST_MATH = YES;
				ONLY_ACTIVE_ARCH = YES;
				SDKROOT = iphoneos;
				SWIFT_ACTIVE_COMPILATION_CONDITIONS = "DEBUG $(inherited)";
				SWIFT_OPTIMIZATION_LEVEL = "-Onone";
			};
			name = Debug;
		};
		5B79C8F72BAB0052002BC3C6 /* Release */ = {
			isa = XCBuildConfiguration;
			buildSettings = {
				ALWAYS_SEARCH_USER_PATHS = NO;
				ASSETCATALOG_COMPILER_GENERATE_SWIFT_ASSET_SYMBOL_EXTENSIONS = YES;
				CLANG_ANALYZER_NONNULL = YES;
				CLANG_ANALYZER_NUMBER_OBJECT_CONVERSION = YES_AGGRESSIVE;
				CLANG_CXX_LANGUAGE_STANDARD = "gnu++20";
				CLANG_ENABLE_MODULES = YES;
				CLANG_ENABLE_OBJC_ARC = YES;
				CLANG_ENABLE_OBJC_WEAK = YES;
				CLANG_WARN_BLOCK_CAPTURE_AUTORELEASING = YES;
				CLANG_WARN_BOOL_CONVERSION = YES;
				CLANG_WARN_COMMA = YES;
				CLANG_WARN_CONSTANT_CONVERSION = YES;
				CLANG_WARN_DEPRECATED_OBJC_IMPLEMENTATIONS = YES;
				CLANG_WARN_DIRECT_OBJC_ISA_USAGE = YES_ERROR;
				CLANG_WARN_DOCUMENTATION_COMMENTS = YES;
				CLANG_WARN_EMPTY_BODY = YES;
				CLANG_WARN_ENUM_CONVERSION = YES;
				CLANG_WARN_INFINITE_RECURSION = YES;
				CLANG_WARN_INT_CONVERSION = YES;
				CLANG_WARN_NON_LITERAL_NULL_CONVERSION = YES;
				CLANG_WARN_OBJC_IMPLICIT_RETAIN_SELF = YES;
				CLANG_WARN_OBJC_LITERAL_CONVERSION = YES;
				CLANG_WARN_OBJC_ROOT_CLASS = YES_ERROR;
				CLANG_WARN_QUOTED_INCLUDE_IN_FRAMEWORK_HEADER = YES;
				CLANG_WARN_RANGE_LOOP_ANALYSIS = YES;
				CLANG_WARN_STRICT_PROTOTYPES = YES;
				CLANG_WARN_SUSPICIOUS_MOVE = YES;
				CLANG_WARN_UNGUARDED_AVAILABILITY = YES_AGGRESSIVE;
				CLANG_WARN_UNREACHABLE_CODE = YES;
				CLANG_WARN__DUPLICATE_METHOD_MATCH = YES;
				COPY_PHASE_STRIP = NO;
				DEBUG_INFORMATION_FORMAT = "dwarf-with-dsym";
				ENABLE_NS_ASSERTIONS = NO;
				ENABLE_STRICT_OBJC_MSGSEND = YES;
				ENABLE_USER_SCRIPT_SANDBOXING = YES;
				GCC_C_LANGUAGE_STANDARD = gnu17;
				GCC_NO_COMMON_BLOCKS = YES;
				GCC_WARN_64_TO_32_BIT_CONVERSION = YES;
				GCC_WARN_ABOUT_RETURN_TYPE = YES_ERROR;
				GCC_WARN_UNDECLARED_SELECTOR = YES;
				GCC_WARN_UNINITIALIZED_AUTOS = YES_AGGRESSIVE;
				GCC_WARN_UNUSED_FUNCTION = YES;
				GCC_WARN_UNUSED_VARIABLE = YES;
				IPHONEOS_DEPLOYMENT_TARGET = 15.0;
				LOCALIZATION_PREFERS_STRING_CATALOGS = YES;
				MTL_ENABLE_DEBUG_INFO = NO;
				MTL_FAST_MATH = YES;
				SDKROOT = iphoneos;
				SWIFT_COMPILATION_MODE = wholemodule;
				VALIDATE_PRODUCT = YES;
			};
			name = Release;
		};
		5B79C8F92BAB0052002BC3C6 /* Debug */ = {
			isa = XCBuildConfiguration;
			buildSettings = {
				ASSETCATALOG_COMPILER_APPICON_NAME = AppIcon;
				ASSETCATALOG_COMPILER_GLOBAL_ACCENT_COLOR_NAME = AccentColor;
				CODE_SIGN_STYLE = Automatic;
				CURRENT_PROJECT_VERSION = 1;
				DEVELOPMENT_ASSET_PATHS = "\"IntrXlern/Preview Content\"";
				DEVELOPMENT_TEAM = 695W8CRMKH;
				ENABLE_PREVIEWS = YES;
				GENERATE_INFOPLIST_FILE = YES;
				INFOPLIST_KEY_CFBundleDisplayName = IntrXlern;
				INFOPLIST_KEY_NSUserTrackingUsageDescription = "Your data will be used to deliver personalise ads to you.";
				INFOPLIST_KEY_UIApplicationSceneManifest_Generation = YES;
				INFOPLIST_KEY_UIApplicationSupportsIndirectInputEvents = YES;
				INFOPLIST_KEY_UILaunchScreen_Generation = YES;
				INFOPLIST_KEY_UILaunchStoryboardName = LaunchScreen.storyboard;
				INFOPLIST_KEY_UIRequiresFullScreen = YES;
				INFOPLIST_KEY_UISupportedInterfaceOrientations = UIInterfaceOrientationPortrait;
				INFOPLIST_KEY_UISupportedInterfaceOrientations_iPad = "UIInterfaceOrientationPortrait UIInterfaceOrientationPortraitUpsideDown";
				IPHONEOS_DEPLOYMENT_TARGET = 15.0;
				LD_RUNPATH_SEARCH_PATHS = (
					"$(inherited)",
					"@executable_path/Frameworks",
				);
				MARKETING_VERSION = 1.0;
				PRODUCT_BUNDLE_IDENTIFIER = AtaevAleksandr.IntrXlern;
				PRODUCT_NAME = "$(TARGET_NAME)";
				SUPPORTED_PLATFORMS = "iphoneos iphonesimulator";
				SUPPORTS_MACCATALYST = NO;
				SUPPORTS_MAC_DESIGNED_FOR_IPHONE_IPAD = NO;
				SUPPORTS_XR_DESIGNED_FOR_IPHONE_IPAD = NO;
				SWIFT_EMIT_LOC_STRINGS = YES;
				SWIFT_VERSION = 5.0;
				TARGETED_DEVICE_FAMILY = "1,2";
			};
			name = Debug;
		};
		5B79C8FA2BAB0052002BC3C6 /* Release */ = {
			isa = XCBuildConfiguration;
			buildSettings = {
				ASSETCATALOG_COMPILER_APPICON_NAME = AppIcon;
				ASSETCATALOG_COMPILER_GLOBAL_ACCENT_COLOR_NAME = AccentColor;
				CODE_SIGN_STYLE = Automatic;
				CURRENT_PROJECT_VERSION = 1;
				DEVELOPMENT_ASSET_PATHS = "\"IntrXlern/Preview Content\"";
				DEVELOPMENT_TEAM = 695W8CRMKH;
				ENABLE_PREVIEWS = YES;
				GENERATE_INFOPLIST_FILE = YES;
				INFOPLIST_KEY_CFBundleDisplayName = IntrXlern;
				INFOPLIST_KEY_NSUserTrackingUsageDescription = "Your data will be used to deliver personalise ads to you.";
				INFOPLIST_KEY_UIApplicationSceneManifest_Generation = YES;
				INFOPLIST_KEY_UIApplicationSupportsIndirectInputEvents = YES;
				INFOPLIST_KEY_UILaunchScreen_Generation = YES;
				INFOPLIST_KEY_UILaunchStoryboardName = LaunchScreen.storyboard;
				INFOPLIST_KEY_UIRequiresFullScreen = YES;
				INFOPLIST_KEY_UISupportedInterfaceOrientations = UIInterfaceOrientationPortrait;
				INFOPLIST_KEY_UISupportedInterfaceOrientations_iPad = "UIInterfaceOrientationPortrait UIInterfaceOrientationPortraitUpsideDown";
				IPHONEOS_DEPLOYMENT_TARGET = 15.0;
				LD_RUNPATH_SEARCH_PATHS = (
					"$(inherited)",
					"@executable_path/Frameworks",
				);
				MARKETING_VERSION = 1.0;
				PRODUCT_BUNDLE_IDENTIFIER = AtaevAleksandr.IntrXlern;
				PRODUCT_NAME = "$(TARGET_NAME)";
				SUPPORTED_PLATFORMS = "iphoneos iphonesimulator";
				SUPPORTS_MACCATALYST = NO;
				SUPPORTS_MAC_DESIGNED_FOR_IPHONE_IPAD = NO;
				SUPPORTS_XR_DESIGNED_FOR_IPHONE_IPAD = NO;
				SWIFT_EMIT_LOC_STRINGS = YES;
				SWIFT_VERSION = 5.0;
				TARGETED_DEVICE_FAMILY = "1,2";
			};
			name = Release;
		};
/* End XCBuildConfiguration section */

/* Begin XCConfigurationList section */
		5B79C8E52BAB0051002BC3C6 /* Build configuration list for PBXProject "IntrXlern" */ = {
			isa = XCConfigurationList;
			buildConfigurations = (
				5B79C8F62BAB0052002BC3C6 /* Debug */,
				5B79C8F72BAB0052002BC3C6 /* Release */,
			);
			defaultConfigurationIsVisible = 0;
			defaultConfigurationName = Release;
		};
		5B79C8F82BAB0052002BC3C6 /* Build configuration list for PBXNativeTarget "IntrXlern" */ = {
			isa = XCConfigurationList;
			buildConfigurations = (
				5B79C8F92BAB0052002BC3C6 /* Debug */,
				5B79C8FA2BAB0052002BC3C6 /* Release */,
			);
			defaultConfigurationIsVisible = 0;
			defaultConfigurationName = Release;
		};
/* End XCConfigurationList section */
	};
	rootObject = 5B79C8E22BAB0051002BC3C6 /* Project object */;
}
